
Microsoft Visual Studio Solution File, Format Version 12.00
Project("{FAE04EC0-301F-11D3-BF4B-00C04F79EFBC}") = "AdventOfCode", "AdventOfCode\AdventOfCode.csproj", "{D71C595A-FFBB-4B13-833F-C89953EAC3B4}"
EndProject
Project("{FAE04EC0-301F-11D3-BF4B-00C04F79EFBC}") = "AdventOfCodeTests", "AdventOfCodeTests\AdventOfCodeTests.csproj", "{F7D54B4B-62F5-45BA-BC7F-CC81AC1DB9A7}"
EndProject
Global
	GlobalSection(SolutionConfigurationPlatforms) = preSolution
		Debug|Any CPU = Debug|Any CPU
		Release|Any CPU = Release|Any CPU
	EndGlobalSection
	GlobalSection(ProjectConfigurationPlatforms) = postSolution
		{D71C595A-FFBB-4B13-833F-C89953EAC3B4}.Debug|Any CPU.ActiveCfg = Debug|Any CPU
		{D71C595A-FFBB-4B13-833F-C89953EAC3B4}.Debug|Any CPU.Build.0 = Debug|Any CPU
		{D71C595A-FFBB-4B13-833F-C89953EAC3B4}.Release|Any CPU.ActiveCfg = Release|Any CPU
		{D71C595A-FFBB-4B13-833F-C89953EAC3B4}.Release|Any CPU.Build.0 = Release|Any CPU
		{F7D54B4B-62F5-45BA-BC7F-CC81AC1DB9A7}.Debug|Any CPU.ActiveCfg = Debug|Any CPU
		{F7D54B4B-62F5-45BA-BC7F-CC81AC1DB9A7}.Debug|Any CPU.Build.0 = Debug|Any CPU
		{F7D54B4B-62F5-45BA-BC7F-CC81AC1DB9A7}.Release|Any CPU.ActiveCfg = Release|Any CPU
		{F7D54B4B-62F5-45BA-BC7F-CC81AC1DB9A7}.Release|Any CPU.Build.0 = Release|Any CPU
	EndGlobalSection
EndGlobal
